
Microsoft Visual Studio Solution File, Format Version 12.00
# Visual Studio 15
VisualStudioVersion = 15.0.28307.1145
MinimumVisualStudioVersion = 10.0.40219.1
Project("{FAE04EC0-301F-11D3-BF4B-00C04F79EFBC}") = "Department", "Department\Department.csproj", "{ABC747AF-A8AB-486A-A830-318686966F98}"
EndProject
Global
	GlobalSection(SolutionConfigurationPlatforms) = preSolution
		Debug|Any CPU = Debug|Any CPU
		Release|Any CPU = Release|Any CPU
	EndGlobalSection
	GlobalSection(ProjectConfigurationPlatforms) = postSolution
		{ABC747AF-A8AB-486A-A830-318686966F98}.Debug|Any CPU.ActiveCfg = Debug|Any CPU
		{ABC747AF-A8AB-486A-A830-318686966F98}.Debug|Any CPU.Build.0 = Debug|Any CPU
		{ABC747AF-A8AB-486A-A830-318686966F98}.Release|Any CPU.ActiveCfg = Release|Any CPU
		{ABC747AF-A8AB-486A-A830-318686966F98}.Release|Any CPU.Build.0 = Release|Any CPU
	EndGlobalSection
	GlobalSection(SolutionProperties) = preSolution
		HideSolutionNode = FALSE
	EndGlobalSection
	GlobalSection(ExtensibilityGlobals) = postSolution
		SolutionGuid = {0676F87D-E156-4834-B2BB-7A3B365C1C65}
	EndGlobalSection
EndGlobal
